// !$*UTF8*$!
{
	archiveVersion = 1;
	classes = {
	};
	objectVersion = 50;
	objects = {

/* Begin PBXBuildFile section */
		4FB30AFA2DCFC13900636D3B /* AppDelegate.swift in Sources */ = {isa = PBXBuildFile; fileRef = 4FB30AF92DCFC13900636D3B /* AppDelegate.swift */; };
		4FB30AFC2DCFC13900636D3B /* SceneDelegate.swift in Sources */ = {isa = PBXBuildFile; fileRef = 4FB30AFB2DCFC13900636D3B /* SceneDelegate.swift */; };
		4FB30AFE2DCFC13900636D3B /* ContentView.swift in Sources */ = {isa = PBXBuildFile; fileRef = 4FB30AFD2DCFC13900636D3B /* ContentView.swift */; };
		4FB30B002DCFC13A00636D3B /* Assets.xcassets in Resources */ = {isa = PBXBuildFile; fileRef = 4FB30AFF2DCFC13A00636D3B /* Assets.xcassets */; };
		4FB30B032DCFC13A00636D3B /* Preview Assets.xcassets in Resources */ = {isa = PBXBuildFile; fileRef = 4FB30B022DCFC13A00636D3B /* Preview Assets.xcassets */; };
		4FB30B062DCFC13A00636D3B /* LaunchScreen.storyboard in Resources */ = {isa = PBXBuildFile; fileRef = 4FB30B042DCFC13A00636D3B /* LaunchScreen.storyboard */; };
		4FB30B112DCFC13A00636D3B /* BoatsAndYachtsTests.swift in Sources */ = {isa = PBXBuildFile; fileRef = 4FB30B102DCFC13A00636D3B /* BoatsAndYachtsTests.swift */; };
		4FB30B1C2DCFC13A00636D3B /* BoatsAndYachtsUITests.swift in Sources */ = {isa = PBXBuildFile; fileRef = 4FB30B1B2DCFC13A00636D3B /* BoatsAndYachtsUITests.swift */; };
		4FB30B322DCFEC9E00636D3B /* users.json in Resources */ = {isa = PBXBuildFile; fileRef = 4FB30B312DCFEC9E00636D3B /* users.json */; };
		4FB30B342DCFEE1B00636D3B /* promotions.json in Resources */ = {isa = PBXBuildFile; fileRef = 4FB30B332DCFEE1B00636D3B /* promotions.json */; };
		4FB30B362DCFF00500636D3B /* UserRepository.swift in Sources */ = {isa = PBXBuildFile; fileRef = 4FB30B352DCFF00500636D3B /* UserRepository.swift */; };
		4FB30B382DCFF01900636D3B /* PromotionRepository.swift in Sources */ = {isa = PBXBuildFile; fileRef = 4FB30B372DCFF01900636D3B /* PromotionRepository.swift */; };
		4FB30B3A2DCFF03400636D3B /* User.swift in Sources */ = {isa = PBXBuildFile; fileRef = 4FB30B392DCFF03400636D3B /* User.swift */; };
		4FB30B3C2DCFF04700636D3B /* Promotion.swift in Sources */ = {isa = PBXBuildFile; fileRef = 4FB30B3B2DCFF04700636D3B /* Promotion.swift */; };
		4FB30B412DCFF93800636D3B /* AuthScreen.swift in Sources */ = {isa = PBXBuildFile; fileRef = 4FB30B402DCFF93800636D3B /* AuthScreen.swift */; };
		4FB30B432DCFF95600636D3B /* AuthViewModel.swift in Sources */ = {isa = PBXBuildFile; fileRef = 4FB30B422DCFF95600636D3B /* AuthViewModel.swift */; };
		4FB30B472DCFF9D000636D3B /* HomeViewModel.swift in Sources */ = {isa = PBXBuildFile; fileRef = 4FB30B462DCFF9D000636D3B /* HomeViewModel.swift */; };
		4FB30B492DCFF9E000636D3B /* ProfileScreen.swift in Sources */ = {isa = PBXBuildFile; fileRef = 4FB30B482DCFF9E000636D3B /* ProfileScreen.swift */; };
		4FB30B4B2DCFF9ED00636D3B /* ProfileViewModel.swift in Sources */ = {isa = PBXBuildFile; fileRef = 4FB30B4A2DCFF9ED00636D3B /* ProfileViewModel.swift */; };
		4FB30B4D2DCFFA3900636D3B /* HomeScreen.swift in Sources */ = {isa = PBXBuildFile; fileRef = 4FB30B4C2DCFFA3900636D3B /* HomeScreen.swift */; };
/* End PBXBuildFile section */

/* Begin PBXContainerItemProxy section */
		4FB30B0D2DCFC13A00636D3B /* PBXContainerItemProxy */ = {
			isa = PBXContainerItemProxy;
			containerPortal = 4FB30AEE2DCFC13900636D3B /* Project object */;
			proxyType = 1;
			remoteGlobalIDString = 4FB30AF52DCFC13900636D3B;
			remoteInfo = BoatsAndYachts;
		};
		4FB30B182DCFC13A00636D3B /* PBXContainerItemProxy */ = {
			isa = PBXContainerItemProxy;
			containerPortal = 4FB30AEE2DCFC13900636D3B /* Project object */;
			proxyType = 1;
			remoteGlobalIDString = 4FB30AF52DCFC13900636D3B;
			remoteInfo = BoatsAndYachts;
		};
/* End PBXContainerItemProxy section */

/* Begin PBXFileReference section */
		4FB30AF62DCFC13900636D3B /* BoatsAndYachts.app */ = {isa = PBXFileReference; explicitFileType = wrapper.application; includeInIndex = 0; path = BoatsAndYachts.app; sourceTree = BUILT_PRODUCTS_DIR; };
		4FB30AF92DCFC13900636D3B /* AppDelegate.swift */ = {isa = PBXFileReference; lastKnownFileType = sourcecode.swift; path = AppDelegate.swift; sourceTree = "<group>"; };
		4FB30AFB2DCFC13900636D3B /* SceneDelegate.swift */ = {isa = PBXFileReference; lastKnownFileType = sourcecode.swift; path = SceneDelegate.swift; sourceTree = "<group>"; };
		4FB30AFD2DCFC13900636D3B /* ContentView.swift */ = {isa = PBXFileReference; lastKnownFileType = sourcecode.swift; path = ContentView.swift; sourceTree = "<group>"; };
		4FB30AFF2DCFC13A00636D3B /* Assets.xcassets */ = {isa = PBXFileReference; lastKnownFileType = folder.assetcatalog; path = Assets.xcassets; sourceTree = "<group>"; };
		4FB30B022DCFC13A00636D3B /* Preview Assets.xcassets */ = {isa = PBXFileReference; lastKnownFileType = folder.assetcatalog; path = "Preview Assets.xcassets"; sourceTree = "<group>"; };
		4FB30B052DCFC13A00636D3B /* Base */ = {isa = PBXFileReference; lastKnownFileType = file.storyboard; name = Base; path = Base.lproj/LaunchScreen.storyboard; sourceTree = "<group>"; };
		4FB30B072DCFC13A00636D3B /* Info.plist */ = {isa = PBXFileReference; lastKnownFileType = text.plist.xml; path = Info.plist; sourceTree = "<group>"; };
		4FB30B0C2DCFC13A00636D3B /* BoatsAndYachtsTests.xctest */ = {isa = PBXFileReference; explicitFileType = wrapper.cfbundle; includeInIndex = 0; path = BoatsAndYachtsTests.xctest; sourceTree = BUILT_PRODUCTS_DIR; };
		4FB30B102DCFC13A00636D3B /* BoatsAndYachtsTests.swift */ = {isa = PBXFileReference; lastKnownFileType = sourcecode.swift; path = BoatsAndYachtsTests.swift; sourceTree = "<group>"; };
		4FB30B122DCFC13A00636D3B /* Info.plist */ = {isa = PBXFileReference; lastKnownFileType = text.plist.xml; path = Info.plist; sourceTree = "<group>"; };
		4FB30B172DCFC13A00636D3B /* BoatsAndYachtsUITests.xctest */ = {isa = PBXFileReference; explicitFileType = wrapper.cfbundle; includeInIndex = 0; path = BoatsAndYachtsUITests.xctest; sourceTree = BUILT_PRODUCTS_DIR; };
		4FB30B1B2DCFC13A00636D3B /* BoatsAndYachtsUITests.swift */ = {isa = PBXFileReference; lastKnownFileType = sourcecode.swift; path = BoatsAndYachtsUITests.swift; sourceTree = "<group>"; };
		4FB30B1D2DCFC13A00636D3B /* Info.plist */ = {isa = PBXFileReference; lastKnownFileType = text.plist.xml; path = Info.plist; sourceTree = "<group>"; };
		4FB30B312DCFEC9E00636D3B /* users.json */ = {isa = PBXFileReference; lastKnownFileType = text.json; path = users.json; sourceTree = "<group>"; };
		4FB30B332DCFEE1B00636D3B /* promotions.json */ = {isa = PBXFileReference; lastKnownFileType = text.json; path = promotions.json; sourceTree = "<group>"; };
		4FB30B352DCFF00500636D3B /* UserRepository.swift */ = {isa = PBXFileReference; lastKnownFileType = sourcecode.swift; path = UserRepository.swift; sourceTree = "<group>"; };
		4FB30B372DCFF01900636D3B /* PromotionRepository.swift */ = {isa = PBXFileReference; lastKnownFileType = sourcecode.swift; path = PromotionRepository.swift; sourceTree = "<group>"; };
		4FB30B392DCFF03400636D3B /* User.swift */ = {isa = PBXFileReference; lastKnownFileType = sourcecode.swift; path = User.swift; sourceTree = "<group>"; };
		4FB30B3B2DCFF04700636D3B /* Promotion.swift */ = {isa = PBXFileReference; lastKnownFileType = sourcecode.swift; path = Promotion.swift; sourceTree = "<group>"; };
		4FB30B402DCFF93800636D3B /* AuthScreen.swift */ = {isa = PBXFileReference; lastKnownFileType = sourcecode.swift; path = AuthScreen.swift; sourceTree = "<group>"; };
		4FB30B422DCFF95600636D3B /* AuthViewModel.swift */ = {isa = PBXFileReference; lastKnownFileType = sourcecode.swift; path = AuthViewModel.swift; sourceTree = "<group>"; };
		4FB30B462DCFF9D000636D3B /* HomeViewModel.swift */ = {isa = PBXFileReference; lastKnownFileType = sourcecode.swift; path = HomeViewModel.swift; sourceTree = "<group>"; };
		4FB30B482DCFF9E000636D3B /* ProfileScreen.swift */ = {isa = PBXFileReference; lastKnownFileType = sourcecode.swift; path = ProfileScreen.swift; sourceTree = "<group>"; };
		4FB30B4A2DCFF9ED00636D3B /* ProfileViewModel.swift */ = {isa = PBXFileReference; lastKnownFileType = sourcecode.swift; path = ProfileViewModel.swift; sourceTree = "<group>"; };
		4FB30B4C2DCFFA3900636D3B /* HomeScreen.swift */ = {isa = PBXFileReference; lastKnownFileType = sourcecode.swift; path = HomeScreen.swift; sourceTree = "<group>"; };
/* End PBXFileReference section */

/* Begin PBXFrameworksBuildPhase section */
		4FB30AF32DCFC13900636D3B /* Frameworks */ = {
			isa = PBXFrameworksBuildPhase;
			buildActionMask = 2147483647;
			files = (
			);
			runOnlyForDeploymentPostprocessing = 0;
		};
		4FB30B092DCFC13A00636D3B /* Frameworks */ = {
			isa = PBXFrameworksBuildPhase;
			buildActionMask = 2147483647;
			files = (
			);
			runOnlyForDeploymentPostprocessing = 0;
		};
		4FB30B142DCFC13A00636D3B /* Frameworks */ = {
			isa = PBXFrameworksBuildPhase;
			buildActionMask = 2147483647;
			files = (
			);
			runOnlyForDeploymentPostprocessing = 0;
		};
/* End PBXFrameworksBuildPhase section */

/* Begin PBXGroup section */
		4FB30AED2DCFC13900636D3B = {
			isa = PBXGroup;
			children = (
				4FB30AF82DCFC13900636D3B /* BoatsAndYachts */,
				4FB30B0F2DCFC13A00636D3B /* BoatsAndYachtsTests */,
				4FB30B1A2DCFC13A00636D3B /* BoatsAndYachtsUITests */,
				4FB30AF72DCFC13900636D3B /* Products */,
			);
			sourceTree = "<group>";
		};
		4FB30AF72DCFC13900636D3B /* Products */ = {
			isa = PBXGroup;
			children = (
				4FB30AF62DCFC13900636D3B /* BoatsAndYachts.app */,
				4FB30B0C2DCFC13A00636D3B /* BoatsAndYachtsTests.xctest */,
				4FB30B172DCFC13A00636D3B /* BoatsAndYachtsUITests.xctest */,
			);
			name = Products;
			sourceTree = "<group>";
		};
		4FB30AF82DCFC13900636D3B /* BoatsAndYachts */ = {
			isa = PBXGroup;
			children = (
				4FB30B2B2DCFE93800636D3B /* data */,
				4FB30B2C2DCFE95D00636D3B /* domain */,
				4FB30B2D2DCFE96A00636D3B /* presentation */,
				4FB30AF92DCFC13900636D3B /* AppDelegate.swift */,
				4FB30AFB2DCFC13900636D3B /* SceneDelegate.swift */,
				4FB30AFD2DCFC13900636D3B /* ContentView.swift */,
				4FB30AFF2DCFC13A00636D3B /* Assets.xcassets */,
				4FB30B042DCFC13A00636D3B /* LaunchScreen.storyboard */,
				4FB30B072DCFC13A00636D3B /* Info.plist */,
				4FB30B012DCFC13A00636D3B /* Preview Content */,
			);
			path = BoatsAndYachts;
			sourceTree = "<group>";
		};
		4FB30B012DCFC13A00636D3B /* Preview Content */ = {
			isa = PBXGroup;
			children = (
				4FB30B022DCFC13A00636D3B /* Preview Assets.xcassets */,
			);
			path = "Preview Content";
			sourceTree = "<group>";
		};
		4FB30B0F2DCFC13A00636D3B /* BoatsAndYachtsTests */ = {
			isa = PBXGroup;
			children = (
				4FB30B102DCFC13A00636D3B /* BoatsAndYachtsTests.swift */,
				4FB30B122DCFC13A00636D3B /* Info.plist */,
			);
			path = BoatsAndYachtsTests;
			sourceTree = "<group>";
		};
		4FB30B1A2DCFC13A00636D3B /* BoatsAndYachtsUITests */ = {
			isa = PBXGroup;
			children = (
				4FB30B1B2DCFC13A00636D3B /* BoatsAndYachtsUITests.swift */,
				4FB30B1D2DCFC13A00636D3B /* Info.plist */,
			);
			path = BoatsAndYachtsUITests;
			sourceTree = "<group>";
		};
		4FB30B2B2DCFE93800636D3B /* data */ = {
			isa = PBXGroup;
			children = (
				4FB30B302DCFEBA900636D3B /* jsons */,
				4FB30B2F2DCFEA1E00636D3B /* repositories */,
			);
			path = data;
			sourceTree = "<group>";
		};
		4FB30B2C2DCFE95D00636D3B /* domain */ = {
			isa = PBXGroup;
			children = (
				4FB30B2E2DCFEA0800636D3B /* models */,
			);
			path = domain;
			sourceTree = "<group>";
		};
		4FB30B2D2DCFE96A00636D3B /* presentation */ = {
			isa = PBXGroup;
			children = (
				4FB30B3F2DCFF07200636D3B /* profile */,
				4FB30B3E2DCFF06300636D3B /* home */,
				4FB30B3D2DCFF05200636D3B /* auth */,
			);
			path = presentation;
			sourceTree = "<group>";
		};
		4FB30B2E2DCFEA0800636D3B /* models */ = {
			isa = PBXGroup;
			children = (
				4FB30B392DCFF03400636D3B /* User.swift */,
				4FB30B3B2DCFF04700636D3B /* Promotion.swift */,
			);
			path = models;
			sourceTree = "<group>";
		};
		4FB30B2F2DCFEA1E00636D3B /* repositories */ = {
			isa = PBXGroup;
			children = (
				4FB30B352DCFF00500636D3B /* UserRepository.swift */,
				4FB30B372DCFF01900636D3B /* PromotionRepository.swift */,
			);
			path = repositories;
			sourceTree = "<group>";
		};
		4FB30B302DCFEBA900636D3B /* jsons */ = {
			isa = PBXGroup;
			children = (
				4FB30B312DCFEC9E00636D3B /* users.json */,
				4FB30B332DCFEE1B00636D3B /* promotions.json */,
			);
			path = jsons;
			sourceTree = "<group>";
		};
		4FB30B3D2DCFF05200636D3B /* auth */ = {
			isa = PBXGroup;
			children = (
				4FB30B402DCFF93800636D3B /* AuthScreen.swift */,
				4FB30B422DCFF95600636D3B /* AuthViewModel.swift */,
			);
			path = auth;
			sourceTree = "<group>";
		};
		4FB30B3E2DCFF06300636D3B /* home */ = {
			isa = PBXGroup;
			children = (
				4FB30B462DCFF9D000636D3B /* HomeViewModel.swift */,
				4FB30B4C2DCFFA3900636D3B /* HomeScreen.swift */,
			);
			path = home;
			sourceTree = "<group>";
		};
		4FB30B3F2DCFF07200636D3B /* profile */ = {
			isa = PBXGroup;
			children = (
				4FB30B482DCFF9E000636D3B /* ProfileScreen.swift */,
				4FB30B4A2DCFF9ED00636D3B /* ProfileViewModel.swift */,
			);
			path = profile;
			sourceTree = "<group>";
		};
/* End PBXGroup section */

/* Begin PBXNativeTarget section */
		4FB30AF52DCFC13900636D3B /* BoatsAndYachts */ = {
			isa = PBXNativeTarget;
			buildConfigurationList = 4FB30B202DCFC13A00636D3B /* Build configuration list for PBXNativeTarget "BoatsAndYachts" */;
			buildPhases = (
				4FB30AF22DCFC13900636D3B /* Sources */,
				4FB30AF32DCFC13900636D3B /* Frameworks */,
				4FB30AF42DCFC13900636D3B /* Resources */,
			);
			buildRules = (
			);
			dependencies = (
			);
			name = BoatsAndYachts;
			productName = BoatsAndYachts;
			productReference = 4FB30AF62DCFC13900636D3B /* BoatsAndYachts.app */;
			productType = "com.apple.product-type.application";
		};
		4FB30B0B2DCFC13A00636D3B /* BoatsAndYachtsTests */ = {
			isa = PBXNativeTarget;
			buildConfigurationList = 4FB30B232DCFC13A00636D3B /* Build configuration list for PBXNativeTarget "BoatsAndYachtsTests" */;
			buildPhases = (
				4FB30B082DCFC13A00636D3B /* Sources */,
				4FB30B092DCFC13A00636D3B /* Frameworks */,
				4FB30B0A2DCFC13A00636D3B /* Resources */,
			);
			buildRules = (
			);
			dependencies = (
				4FB30B0E2DCFC13A00636D3B /* PBXTargetDependency */,
			);
			name = BoatsAndYachtsTests;
			productName = BoatsAndYachtsTests;
			productReference = 4FB30B0C2DCFC13A00636D3B /* BoatsAndYachtsTests.xctest */;
			productType = "com.apple.product-type.bundle.unit-test";
		};
		4FB30B162DCFC13A00636D3B /* BoatsAndYachtsUITests */ = {
			isa = PBXNativeTarget;
			buildConfigurationList = 4FB30B262DCFC13A00636D3B /* Build configuration list for PBXNativeTarget "BoatsAndYachtsUITests" */;
			buildPhases = (
				4FB30B132DCFC13A00636D3B /* Sources */,
				4FB30B142DCFC13A00636D3B /* Frameworks */,
				4FB30B152DCFC13A00636D3B /* Resources */,
			);
			buildRules = (
			);
			dependencies = (
				4FB30B192DCFC13A00636D3B /* PBXTargetDependency */,
			);
			name = BoatsAndYachtsUITests;
			productName = BoatsAndYachtsUITests;
			productReference = 4FB30B172DCFC13A00636D3B /* BoatsAndYachtsUITests.xctest */;
			productType = "com.apple.product-type.bundle.ui-testing";
		};
/* End PBXNativeTarget section */

/* Begin PBXProject section */
		4FB30AEE2DCFC13900636D3B /* Project object */ = {
			isa = PBXProject;
			attributes = {
				LastSwiftUpdateCheck = 1170;
				LastUpgradeCheck = 1170;
				TargetAttributes = {
					4FB30AF52DCFC13900636D3B = {
						CreatedOnToolsVersion = 11.7;
					};
					4FB30B0B2DCFC13A00636D3B = {
						CreatedOnToolsVersion = 11.7;
						TestTargetID = 4FB30AF52DCFC13900636D3B;
					};
					4FB30B162DCFC13A00636D3B = {
						CreatedOnToolsVersion = 11.7;
						TestTargetID = 4FB30AF52DCFC13900636D3B;
					};
				};
			};
			buildConfigurationList = 4FB30AF12DCFC13900636D3B /* Build configuration list for PBXProject "BoatsAndYachts" */;
			compatibilityVersion = "Xcode 9.3";
			developmentRegion = en;
			hasScannedForEncodings = 0;
			knownRegions = (
				en,
				Base,
			);
			mainGroup = 4FB30AED2DCFC13900636D3B;
			productRefGroup = 4FB30AF72DCFC13900636D3B /* Products */;
			projectDirPath = "";
			projectRoot = "";
			targets = (
				4FB30AF52DCFC13900636D3B /* BoatsAndYachts */,
				4FB30B0B2DCFC13A00636D3B /* BoatsAndYachtsTests */,
				4FB30B162DCFC13A00636D3B /* BoatsAndYachtsUITests */,
			);
		};
/* End PBXProject section */

/* Begin PBXResourcesBuildPhase section */
		4FB30AF42DCFC13900636D3B /* Resources */ = {
			isa = PBXResourcesBuildPhase;
			buildActionMask = 2147483647;
			files = (
				4FB30B322DCFEC9E00636D3B /* users.json in Resources */,
				4FB30B062DCFC13A00636D3B /* LaunchScreen.storyboard in Resources */,
				4FB30B032DCFC13A00636D3B /* Preview Assets.xcassets in Resources */,
				4FB30B342DCFEE1B00636D3B /* promotions.json in Resources */,
				4FB30B002DCFC13A00636D3B /* Assets.xcassets in Resources */,
			);
			runOnlyForDeploymentPostprocessing = 0;
		};
		4FB30B0A2DCFC13A00636D3B /* Resources */ = {
			isa = PBXResourcesBuildPhase;
			buildActionMask = 2147483647;
			files = (
			);
			runOnlyForDeploymentPostprocessing = 0;
		};
		4FB30B152DCFC13A00636D3B /* Resources */ = {
			isa = PBXResourcesBuildPhase;
			buildActionMask = 2147483647;
			files = (
			);
			runOnlyForDeploymentPostprocessing = 0;
		};
/* End PBXResourcesBuildPhase section */

/* Begin PBXSourcesBuildPhase section */
		4FB30AF22DCFC13900636D3B /* Sources */ = {
			isa = PBXSourcesBuildPhase;
			buildActionMask = 2147483647;
			files = (
				4FB30B382DCFF01900636D3B /* PromotionRepository.swift in Sources */,
				4FB30B472DCFF9D000636D3B /* HomeViewModel.swift in Sources */,
				4FB30B3C2DCFF04700636D3B /* Promotion.swift in Sources */,
				4FB30AFA2DCFC13900636D3B /* AppDelegate.swift in Sources */,
				4FB30B3A2DCFF03400636D3B /* User.swift in Sources */,
				4FB30AFC2DCFC13900636D3B /* SceneDelegate.swift in Sources */,
				4FB30B4D2DCFFA3900636D3B /* HomeScreen.swift in Sources */,
				4FB30B412DCFF93800636D3B /* AuthScreen.swift in Sources */,
				4FB30B492DCFF9E000636D3B /* ProfileScreen.swift in Sources */,
				4FB30B362DCFF00500636D3B /* UserRepository.swift in Sources */,
				4FB30B4B2DCFF9ED00636D3B /* ProfileViewModel.swift in Sources */,
				4FB30AFE2DCFC13900636D3B /* ContentView.swift in Sources */,
				4FB30B432DCFF95600636D3B /* AuthViewModel.swift in Sources */,
			);
			runOnlyForDeploymentPostprocessing = 0;
		};
		4FB30B082DCFC13A00636D3B /* Sources */ = {
			isa = PBXSourcesBuildPhase;
			buildActionMask = 2147483647;
			files = (
				4FB30B112DCFC13A00636D3B /* BoatsAndYachtsTests.swift in Sources */,
			);
			runOnlyForDeploymentPostprocessing = 0;
		};
		4FB30B132DCFC13A00636D3B /* Sources */ = {
			isa = PBXSourcesBuildPhase;
			buildActionMask = 2147483647;
			files = (
				4FB30B1C2DCFC13A00636D3B /* BoatsAndYachtsUITests.swift in Sources */,
			);
			runOnlyForDeploymentPostprocessing = 0;
		};
/* End PBXSourcesBuildPhase section */

/* Begin PBXTargetDependency section */
		4FB30B0E2DCFC13A00636D3B /* PBXTargetDependency */ = {
			isa = PBXTargetDependency;
			target = 4FB30AF52DCFC13900636D3B /* BoatsAndYachts */;
			targetProxy = 4FB30B0D2DCFC13A00636D3B /* PBXContainerItemProxy */;
		};
		4FB30B192DCFC13A00636D3B /* PBXTargetDependency */ = {
			isa = PBXTargetDependency;
			target = 4FB30AF52DCFC13900636D3B /* BoatsAndYachts */;
			targetProxy = 4FB30B182DCFC13A00636D3B /* PBXContainerItemProxy */;
		};
/* End PBXTargetDependency section */

/* Begin PBXVariantGroup section */
		4FB30B042DCFC13A00636D3B /* LaunchScreen.storyboard */ = {
			isa = PBXVariantGroup;
			children = (
				4FB30B052DCFC13A00636D3B /* Base */,
			);
			name = LaunchScreen.storyboard;
			sourceTree = "<group>";
		};
/* End PBXVariantGroup section */

/* Begin XCBuildConfiguration section */
		4FB30B1E2DCFC13A00636D3B /* Debug */ = {
			isa = XCBuildConfiguration;
			buildSettings = {
				ALWAYS_SEARCH_USER_PATHS = NO;
				CLANG_ANALYZER_NONNULL = YES;
				CLANG_ANALYZER_NUMBER_OBJECT_CONVERSION = YES_AGGRESSIVE;
				CLANG_CXX_LANGUAGE_STANDARD = "gnu++14";
				CLANG_CXX_LIBRARY = "libc++";
				CLANG_ENABLE_MODULES = YES;
				CLANG_ENABLE_OBJC_ARC = YES;
				CLANG_ENABLE_OBJC_WEAK = YES;
				CLANG_WARN_BLOCK_CAPTURE_AUTORELEASING = YES;
				CLANG_WARN_BOOL_CONVERSION = YES;
				CLANG_WARN_COMMA = YES;
				CLANG_WARN_CONSTANT_CONVERSION = YES;
				CLANG_WARN_DEPRECATED_OBJC_IMPLEMENTATIONS = YES;
				CLANG_WARN_DIRECT_OBJC_ISA_USAGE = YES_ERROR;
				CLANG_WARN_DOCUMENTATION_COMMENTS = YES;
				CLANG_WARN_EMPTY_BODY = YES;
				CLANG_WARN_ENUM_CONVERSION = YES;
				CLANG_WARN_INFINITE_RECURSION = YES;
				CLANG_WARN_INT_CONVERSION = YES;
				CLANG_WARN_NON_LITERAL_NULL_CONVERSION = YES;
				CLANG_WARN_OBJC_IMPLICIT_RETAIN_SELF = YES;
				CLANG_WARN_OBJC_LITERAL_CONVERSION = YES;
				CLANG_WARN_OBJC_ROOT_CLASS = YES_ERROR;
				CLANG_WARN_RANGE_LOOP_ANALYSIS = YES;
				CLANG_WARN_STRICT_PROTOTYPES = YES;
				CLANG_WARN_SUSPICIOUS_MOVE = YES;
				CLANG_WARN_UNGUARDED_AVAILABILITY = YES_AGGRESSIVE;
				CLANG_WARN_UNREACHABLE_CODE = YES;
				CLANG_WARN__DUPLICATE_METHOD_MATCH = YES;
				COPY_PHASE_STRIP = NO;
				DEBUG_INFORMATION_FORMAT = dwarf;
				ENABLE_STRICT_OBJC_MSGSEND = YES;
				ENABLE_TESTABILITY = YES;
				GCC_C_LANGUAGE_STANDARD = gnu11;
				GCC_DYNAMIC_NO_PIC = NO;
				GCC_NO_COMMON_BLOCKS = YES;
				GCC_OPTIMIZATION_LEVEL = 0;
				GCC_PREPROCESSOR_DEFINITIONS = (
					"DEBUG=1",
					"$(inherited)",
				);
				GCC_WARN_64_TO_32_BIT_CONVERSION = YES;
				GCC_WARN_ABOUT_RETURN_TYPE = YES_ERROR;
				GCC_WARN_UNDECLARED_SELECTOR = YES;
				GCC_WARN_UNINITIALIZED_AUTOS = YES_AGGRESSIVE;
				GCC_WARN_UNUSED_FUNCTION = YES;
				GCC_WARN_UNUSED_VARIABLE = YES;
				IPHONEOS_DEPLOYMENT_TARGET = 13.7;
				MTL_ENABLE_DEBUG_INFO = INCLUDE_SOURCE;
				MTL_FAST_MATH = YES;
				ONLY_ACTIVE_ARCH = YES;
				SDKROOT = iphoneos;
				SWIFT_ACTIVE_COMPILATION_CONDITIONS = DEBUG;
				SWIFT_OPTIMIZATION_LEVEL = "-Onone";
			};
			name = Debug;
		};
		4FB30B1F2DCFC13A00636D3B /* Release */ = {
			isa = XCBuildConfiguration;
			buildSettings = {
				ALWAYS_SEARCH_USER_PATHS = NO;
				CLANG_ANALYZER_NONNULL = YES;
				CLANG_ANALYZER_NUMBER_OBJECT_CONVERSION = YES_AGGRESSIVE;
				CLANG_CXX_LANGUAGE_STANDARD = "gnu++14";
				CLANG_CXX_LIBRARY = "libc++";
				CLANG_ENABLE_MODULES = YES;
				CLANG_ENABLE_OBJC_ARC = YES;
				CLANG_ENABLE_OBJC_WEAK = YES;
				CLANG_WARN_BLOCK_CAPTURE_AUTORELEASING = YES;
				CLANG_WARN_BOOL_CONVERSION = YES;
				CLANG_WARN_COMMA = YES;
				CLANG_WARN_CONSTANT_CONVERSION = YES;
				CLANG_WARN_DEPRECATED_OBJC_IMPLEMENTATIONS = YES;
				CLANG_WARN_DIRECT_OBJC_ISA_USAGE = YES_ERROR;
				CLANG_WARN_DOCUMENTATION_COMMENTS = YES;
				CLANG_WARN_EMPTY_BODY = YES;
				CLANG_WARN_ENUM_CONVERSION = YES;
				CLANG_WARN_INFINITE_RECURSION = YES;
				CLANG_WARN_INT_CONVERSION = YES;
				CLANG_WARN_NON_LITERAL_NULL_CONVERSION = YES;
				CLANG_WARN_OBJC_IMPLICIT_RETAIN_SELF = YES;
				CLANG_WARN_OBJC_LITERAL_CONVERSION = YES;
				CLANG_WARN_OBJC_ROOT_CLASS = YES_ERROR;
				CLANG_WARN_RANGE_LOOP_ANALYSIS = YES;
				CLANG_WARN_STRICT_PROTOTYPES = YES;
				CLANG_WARN_SUSPICIOUS_MOVE = YES;
				CLANG_WARN_UNGUARDED_AVAILABILITY = YES_AGGRESSIVE;
				CLANG_WARN_UNREACHABLE_CODE = YES;
				CLANG_WARN__DUPLICATE_METHOD_MATCH = YES;
				COPY_PHASE_STRIP = NO;
				DEBUG_INFORMATION_FORMAT = "dwarf-with-dsym";
				ENABLE_NS_ASSERTIONS = NO;
				ENABLE_STRICT_OBJC_MSGSEND = YES;
				GCC_C_LANGUAGE_STANDARD = gnu11;
				GCC_NO_COMMON_BLOCKS = YES;
				GCC_WARN_64_TO_32_BIT_CONVERSION = YES;
				GCC_WARN_ABOUT_RETURN_TYPE = YES_ERROR;
				GCC_WARN_UNDECLARED_SELECTOR = YES;
				GCC_WARN_UNINITIALIZED_AUTOS = YES_AGGRESSIVE;
				GCC_WARN_UNUSED_FUNCTION = YES;
				GCC_WARN_UNUSED_VARIABLE = YES;
				IPHONEOS_DEPLOYMENT_TARGET = 13.7;
				MTL_ENABLE_DEBUG_INFO = NO;
				MTL_FAST_MATH = YES;
				SDKROOT = iphoneos;
				SWIFT_COMPILATION_MODE = wholemodule;
				SWIFT_OPTIMIZATION_LEVEL = "-O";
				VALIDATE_PRODUCT = YES;
			};
			name = Release;
		};
		4FB30B212DCFC13A00636D3B /* Debug */ = {
			isa = XCBuildConfiguration;
			buildSettings = {
				ASSETCATALOG_COMPILER_APPICON_NAME = AppIcon;
				CODE_SIGN_STYLE = Automatic;
				DEVELOPMENT_ASSET_PATHS = "\"BoatsAndYachts/Preview Content\"";
				ENABLE_PREVIEWS = YES;
				INFOPLIST_FILE = BoatsAndYachts/Info.plist;
				LD_RUNPATH_SEARCH_PATHS = (
					"$(inherited)",
					"@executable_path/Frameworks",
				);
				PRODUCT_BUNDLE_IDENTIFIER = com.bob.colbaskin.BoatsAndYachts;
				PRODUCT_NAME = "$(TARGET_NAME)";
				SWIFT_VERSION = 5.0;
				TARGETED_DEVICE_FAMILY = "1,2";
			};
			name = Debug;
		};
		4FB30B222DCFC13A00636D3B /* Release */ = {
			isa = XCBuildConfiguration;
			buildSettings = {
				ASSETCATALOG_COMPILER_APPICON_NAME = AppIcon;
				CODE_SIGN_STYLE = Automatic;
				DEVELOPMENT_ASSET_PATHS = "\"BoatsAndYachts/Preview Content\"";
				ENABLE_PREVIEWS = YES;
				INFOPLIST_FILE = BoatsAndYachts/Info.plist;
				LD_RUNPATH_SEARCH_PATHS = (
					"$(inherited)",
					"@executable_path/Frameworks",
				);
				PRODUCT_BUNDLE_IDENTIFIER = com.bob.colbaskin.BoatsAndYachts;
				PRODUCT_NAME = "$(TARGET_NAME)";
				SWIFT_VERSION = 5.0;
				TARGETED_DEVICE_FAMILY = "1,2";
			};
			name = Release;
		};
		4FB30B242DCFC13A00636D3B /* Debug */ = {
			isa = XCBuildConfiguration;
			buildSettings = {
				ALWAYS_EMBED_SWIFT_STANDARD_LIBRARIES = YES;
				BUNDLE_LOADER = "$(TEST_HOST)";
				CODE_SIGN_STYLE = Automatic;
				INFOPLIST_FILE = BoatsAndYachtsTests/Info.plist;
				IPHONEOS_DEPLOYMENT_TARGET = 13.7;
				LD_RUNPATH_SEARCH_PATHS = (
					"$(inherited)",
					"@executable_path/Frameworks",
					"@loader_path/Frameworks",
				);
				PRODUCT_BUNDLE_IDENTIFIER = com.bob.colbaskin.BoatsAndYachtsTests;
				PRODUCT_NAME = "$(TARGET_NAME)";
				SWIFT_VERSION = 5.0;
				TARGETED_DEVICE_FAMILY = "1,2";
				TEST_HOST = "$(BUILT_PRODUCTS_DIR)/BoatsAndYachts.app/BoatsAndYachts";
			};
			name = Debug;
		};
		4FB30B252DCFC13A00636D3B /* Release */ = {
			isa = XCBuildConfiguration;
			buildSettings = {
				ALWAYS_EMBED_SWIFT_STANDARD_LIBRARIES = YES;
				BUNDLE_LOADER = "$(TEST_HOST)";
				CODE_SIGN_STYLE = Automatic;
				INFOPLIST_FILE = BoatsAndYachtsTests/Info.plist;
				IPHONEOS_DEPLOYMENT_TARGET = 13.7;
				LD_RUNPATH_SEARCH_PATHS = (
					"$(inherited)",
					"@executable_path/Frameworks",
					"@loader_path/Frameworks",
				);
				PRODUCT_BUNDLE_IDENTIFIER = com.bob.colbaskin.BoatsAndYachtsTests;
				PRODUCT_NAME = "$(TARGET_NAME)";
				SWIFT_VERSION = 5.0;
				TARGETED_DEVICE_FAMILY = "1,2";
				TEST_HOST = "$(BUILT_PRODUCTS_DIR)/BoatsAndYachts.app/BoatsAndYachts";
			};
			name = Release;
		};
		4FB30B272DCFC13A00636D3B /* Debug */ = {
			isa = XCBuildConfiguration;
			buildSettings = {
				ALWAYS_EMBED_SWIFT_STANDARD_LIBRARIES = YES;
				CODE_SIGN_STYLE = Automatic;
				INFOPLIST_FILE = BoatsAndYachtsUITests/Info.plist;
				LD_RUNPATH_SEARCH_PATHS = (
					"$(inherited)",
					"@executable_path/Frameworks",
					"@loader_path/Frameworks",
				);
				PRODUCT_BUNDLE_IDENTIFIER = com.bob.colbaskin.BoatsAndYachtsUITests;
				PRODUCT_NAME = "$(TARGET_NAME)";
				SWIFT_VERSION = 5.0;
				TARGETED_DEVICE_FAMILY = "1,2";
				TEST_TARGET_NAME = BoatsAndYachts;
			};
			name = Debug;
		};
		4FB30B282DCFC13A00636D3B /* Release */ = {
			isa = XCBuildConfiguration;
			buildSettings = {
				ALWAYS_EMBED_SWIFT_STANDARD_LIBRARIES = YES;
				CODE_SIGN_STYLE = Automatic;
				INFOPLIST_FILE = BoatsAndYachtsUITests/Info.plist;
				LD_RUNPATH_SEARCH_PATHS = (
					"$(inherited)",
					"@executable_path/Frameworks",
					"@loader_path/Frameworks",
				);
				PRODUCT_BUNDLE_IDENTIFIER = com.bob.colbaskin.BoatsAndYachtsUITests;
				PRODUCT_NAME = "$(TARGET_NAME)";
				SWIFT_VERSION = 5.0;
				TARGETED_DEVICE_FAMILY = "1,2";
				TEST_TARGET_NAME = BoatsAndYachts;
			};
			name = Release;
		};
/* End XCBuildConfiguration section */

/* Begin XCConfigurationList section */
		4FB30AF12DCFC13900636D3B /* Build configuration list for PBXProject "BoatsAndYachts" */ = {
			isa = XCConfigurationList;
			buildConfigurations = (
				4FB30B1E2DCFC13A00636D3B /* Debug */,
				4FB30B1F2DCFC13A00636D3B /* Release */,
			);
			defaultConfigurationIsVisible = 0;
			defaultConfigurationName = Release;
		};
		4FB30B202DCFC13A00636D3B /* Build configuration list for PBXNativeTarget "BoatsAndYachts" */ = {
			isa = XCConfigurationList;
			buildConfigurations = (
				4FB30B212DCFC13A00636D3B /* Debug */,
				4FB30B222DCFC13A00636D3B /* Release */,
			);
			defaultConfigurationIsVisible = 0;
			defaultConfigurationName = Release;
		};
		4FB30B232DCFC13A00636D3B /* Build configuration list for PBXNativeTarget "BoatsAndYachtsTests" */ = {
			isa = XCConfigurationList;
			buildConfigurations = (
				4FB30B242DCFC13A00636D3B /* Debug */,
				4FB30B252DCFC13A00636D3B /* Release */,
			);
			defaultConfigurationIsVisible = 0;
			defaultConfigurationName = Release;
		};
		4FB30B262DCFC13A00636D3B /* Build configuration list for PBXNativeTarget "BoatsAndYachtsUITests" */ = {
			isa = XCConfigurationList;
			buildConfigurations = (
				4FB30B272DCFC13A00636D3B /* Debug */,
				4FB30B282DCFC13A00636D3B /* Release */,
			);
			defaultConfigurationIsVisible = 0;
			defaultConfigurationName = Release;
		};
/* End XCConfigurationList section */
	};
	rootObject = 4FB30AEE2DCFC13900636D3B /* Project object */;
}
